
Microsoft Visual Studio Solution File, Format Version 9.00
# Visual C++ Express 2005
Project("{8BC9CEB8-8B4A-11D0-8D11-00A0C91BC942}") = "xcrypter", "xcrypter.vcproj", "{CB45444E-A3C7-4EFB-A25C-3E1B7AF089F1}"
EndProject
Project("{8BC9CEB8-8B4A-11D0-8D11-00A0C91BC942}") = "ncrypter", "example\ncrypter.vcproj", "{FA24E848-DE26-4325-83A2-11E87BDC6F5B}"
	ProjectSection(ProjectDependencies) = postProject
		{CB45444E-A3C7-4EFB-A25C-3E1B7AF089F1} = {CB45444E-A3C7-4EFB-A25C-3E1B7AF089F1}
	EndProjectSection
EndProject
Global
	GlobalSection(SolutionConfigurationPlatforms) = preSolution
		Debug|Win32 = Debug|Win32
		Release|Win32 = Release|Win32
	EndGlobalSection
	GlobalSection(ProjectConfigurationPlatforms) = postSolution
		{CB45444E-A3C7-4EFB-A25C-3E1B7AF089F1}.Debug|Win32.ActiveCfg = Debug|Win32
		{CB45444E-A3C7-4EFB-A25C-3E1B7AF089F1}.Debug|Win32.Build.0 = Debug|Win32
		{CB45444E-A3C7-4EFB-A25C-3E1B7AF089F1}.Release|Win32.ActiveCfg = Release|Win32
		{CB45444E-A3C7-4EFB-A25C-3E1B7AF089F1}.Release|Win32.Build.0 = Release|Win32
		{FA24E848-DE26-4325-83A2-11E87BDC6F5B}.Debug|Win32.ActiveCfg = Debug|Win32
		{FA24E848-DE26-4325-83A2-11E87BDC6F5B}.Debug|Win32.Build.0 = Debug|Win32
		{FA24E848-DE26-4325-83A2-11E87BDC6F5B}.Release|Win32.ActiveCfg = Release|Win32
		{FA24E848-DE26-4325-83A2-11E87BDC6F5B}.Release|Win32.Build.0 = Release|Win32
	EndGlobalSection
	GlobalSection(SolutionProperties) = preSolution
		HideSolutionNode = FALSE
	EndGlobalSection
EndGlobal
